("quicklisp" .
 (:class qlot/source/dist:source-dist
  :initargs (:distribution "https://beta.quicklisp.org/dist/quicklisp.txt" :%version :latest)
  :version "2026-01-01"))
("bordeaux-threads" .
 (:class qlot/source/ql:source-ql
  :initargs (:%version "2026-01-01")
  :version "ql-2024-10-12"))
("cl-base64" .
 (:class qlot/source/ql:source-ql
  :initargs (:%version "2026-01-01")
  :version "ql-2020-10-16"))
("cffi" .
 (:class qlot/source/ql:source-ql
  :initargs (:%version "2026-01-01")
  :version "ql-2026-01-01"))
("closer-mop" .
 (:class qlot/source/ql:source-ql
  :initargs (:%version "2026-01-01")
  :version "ql-2026-01-01"))
("dexador" .
 (:class qlot/source/ql:source-ql
  :initargs (:%version "2026-01-01")
  :version "ql-2026-01-01"))
("ironclad" .
 (:class qlot/source/ql:source-ql
  :initargs (:%version "2026-01-01")
  :version "ql-2024-10-12"))
("opticl" .
 (:class qlot/source/ql:source-ql
  :initargs (:%version "2022-02-20")
  :version "ql-2022-02-20"))
("quri" .
 (:class qlot/source/ql:source-ql
  :initargs (:%version "2026-01-01")
  :version "ql-2026-01-01"))
("serapeum" .
 (:class qlot/source/ql:source-ql
  :initargs (:%version "2026-01-01")
  :version "ql-2026-01-01"))
("yason" .
 (:class qlot/source/ql:source-ql
  :initargs (:%version "2026-01-01")
  :version "ql-2025-06-22"))
("cl-colorist" .
 (:class qlot/source/git:source-git
  :initargs (:remote-url "https://github.com/luciusmagn/cl-colorist.git" :ref "08328155e880c3ff1d85581c23580e35e59b3162")
  :version "git-08328155e880c3ff1d85581c23580e35e59b3162"))
("clinedi" .
 (:class qlot/source/git:source-git
  :initargs (:remote-url "https://github.com/luciusmagn/clinedi.git" :ref "22b02d2c1731756e83863f3b9de04033e0db3ba0")
  :version "git-22b02d2c1731756e83863f3b9de04033e0db3ba0"))
("cl-exec-sandbox" .
 (:class qlot/source/git:source-git
  :initargs (:remote-url "https://github.com/luciusmagn/cl-exec-sandbox.git" :ref "00cc0203a6791b240df09ffc91110920de2b64cd")
  :version "git-00cc0203a6791b240df09ffc91110920de2b64cd"))
("clifff" .
 (:class qlot/source/git:source-git
  :initargs (:remote-url "https://github.com/luciusmagn/clifff.git" :ref "6df6dae2b0d7648d37510bec963189bea32d0a0a")
  :version "git-6df6dae2b0d7648d37510bec963189bea32d0a0a"))
("colorlisp" .
 (:class qlot/source/git:source-git
  :initargs (:remote-url "https://github.com/luciusmagn/colorlisp.git" :ref "8c79c5783848871c31aed169aac947cc0032b0ad")
  :version "git-8c79c5783848871c31aed169aac947cc0032b0ad"))
("mcparen" .
 (:class qlot/source/git:source-git
  :initargs (:remote-url "https://github.com/luciusmagn/mcparen.git" :ref "2840ee072f6d74efcecc31c46964955bffc24973")
  :version "git-2840ee072f6d74efcecc31c46964955bffc24973"))
("sexp-store" .
 (:class qlot/source/git:source-git
  :initargs (:remote-url "https://github.com/luciusmagn/sexp-store.git" :ref "3c9389397a853fb788f1a5a22bf60dc8b95a8d17")
  :version "git-3c9389397a853fb788f1a5a22bf60dc8b95a8d17"))
("sbcl-workers" .
 (:class qlot/source/git:source-git
  :initargs (:remote-url "https://github.com/luciusmagn/sbcl-workers.git" :ref "fdf9db2a3949e6c8d4693e64e6f2569e63a41515")
  :version "git-fdf9db2a3949e6c8d4693e64e6f2569e63a41515"))
