("quicklisp" .
 (:class qlot/source/dist:source-dist
  :initargs (:distribution "https://beta.quicklisp.org/dist/quicklisp.txt" :%version :latest)
  :version "2026-01-01"))
("bordeaux-threads" .
 (:class qlot/source/ql:source-ql
  :initargs (:%version "2026-01-01")
  :version "ql-2024-10-12"))
("cl-base64" .
 (:class qlot/source/ql:source-ql
  :initargs (:%version "2026-01-01")
  :version "ql-2020-10-16"))
("cffi" .
 (:class qlot/source/ql:source-ql
  :initargs (:%version "2026-01-01")
  :version "ql-2026-01-01"))
("clingon" .
 (:class qlot/source/ql:source-ql
  :initargs (:%version "2026-01-01")
  :version "ql-2026-01-01"))
("closer-mop" .
 (:class qlot/source/ql:source-ql
  :initargs (:%version "2026-01-01")
  :version "ql-2026-01-01"))
("dexador" .
 (:class qlot/source/ql:source-ql
  :initargs (:%version "2026-01-01")
  :version "ql-2026-01-01"))
("fiveam" .
 (:class qlot/source/ql:source-ql
  :initargs (:%version "2026-01-01")
  :version "ql-2024-10-12"))
("ironclad" .
 (:class qlot/source/ql:source-ql
  :initargs (:%version "2026-01-01")
  :version "ql-2024-10-12"))
("nyaml" .
 (:class qlot/source/ql:source-ql
  :initargs (:%version "2026-01-01")
  :version "ql-2025-06-22"))
("opticl" .
 (:class qlot/source/ql:source-ql
  :initargs (:%version "2022-02-20")
  :version "ql-2022-02-20"))
("quri" .
 (:class qlot/source/ql:source-ql
  :initargs (:%version "2026-01-01")
  :version "ql-2026-01-01"))
("serapeum" .
 (:class qlot/source/ql:source-ql
  :initargs (:%version "2026-01-01")
  :version "ql-2026-01-01"))
("trivial-gray-streams" .
 (:class qlot/source/ql:source-ql
  :initargs (:%version "2026-01-01")
  :version "ql-2024-10-12"))
("winhttp" .
 (:class qlot/source/ql:source-ql
  :initargs (:%version "2026-01-01")
  :version "ql-2024-10-12"))
("yason" .
 (:class qlot/source/ql:source-ql
  :initargs (:%version "2026-01-01")
  :version "ql-2025-06-22"))
("agentcomms" .
 (:class qlot/source/git:source-git
  :initargs (:remote-url "https://github.com/lambda-symbolics/agentcomms.git" :ref "c56cdca0b067eda19ba86f868fbad009f5af4e15")
  :version "git-c56cdca0b067eda19ba86f868fbad009f5af4e15"))
("fetch-gist" .
 (:class qlot/source/git:source-git
  :initargs (:remote-url "https://github.com/lambda-symbolics/fetch-gist.git" :ref "0adb33b6801d1218ce6249d2a751b05f88b98c40")
  :version "git-0adb33b6801d1218ce6249d2a751b05f88b98c40"))
("cl-colorist" .
 (:class qlot/source/git:source-git
  :initargs (:remote-url "https://github.com/luciusmagn/cl-colorist.git" :ref "a70749493fbdbe79d6766f254a664119042102b9")
  :version "git-a70749493fbdbe79d6766f254a664119042102b9"))
("clinedi" .
 (:class qlot/source/git:source-git
  :initargs (:remote-url "https://github.com/lambda-symbolics/clinedi.git" :ref "0987b9116004adc5659a33b5ec27f1afd873ca7b")
  :version "git-0987b9116004adc5659a33b5ec27f1afd873ca7b"))
("cl-jobpond" .
 (:class qlot/source/git:source-git
  :initargs (:remote-url "https://github.com/lambda-symbolics/cl-jobpond.git" :ref "3fa176f20caaf954ebe3b352a18c01fef34d33ee")
  :version "git-3fa176f20caaf954ebe3b352a18c01fef34d33ee"))
("clinker-transcript" .
 (:class qlot/source/git:source-git
  :initargs (:remote-url "https://github.com/lambda-symbolics/clinker-transcript.git" :ref "d7cd04903fb36b62224fe618a0e1a11bebf0d8cb")
  :version "git-d7cd04903fb36b62224fe618a0e1a11bebf0d8cb"))
("cl-rfc8252" .
 (:class qlot/source/git:source-git
  :initargs (:remote-url "https://github.com/lambda-symbolics/cl-rfc8252.git" :ref "b9affbd04c12e2adac4a2403f60a3a2802f9ac45")
  :version "git-b9affbd04c12e2adac4a2403f60a3a2802f9ac45"))
("cl-rfc8628" .
 (:class qlot/source/git:source-git
  :initargs (:remote-url "https://github.com/lambda-symbolics/cl-rfc8628.git" :ref "740ccdff7d10c192c75cc1589259682e3e66e007")
  :version "git-740ccdff7d10c192c75cc1589259682e3e66e007"))
("cl-llm-provider-api" .
 (:class qlot/source/git:source-git
  :initargs (:remote-url "https://github.com/lambda-symbolics/cl-llm-provider-api.git" :ref "1e67d70c13cdc52fedae82fdf310d3d9409099e1")
  :version "git-1e67d70c13cdc52fedae82fdf310d3d9409099e1"))
("cl-lsp" .
 (:class qlot/source/git:source-git
  :initargs (:remote-url "https://github.com/lambda-symbolics/cl-lsp.git" :ref "170885bfc140fb7864c4cb6ddb0e91d96be7c468")
  :version "git-170885bfc140fb7864c4cb6ddb0e91d96be7c468"))
("cl-resources" .
 (:class qlot/source/git:source-git
  :initargs (:remote-url "https://github.com/lambda-symbolics/cl-resources.git" :ref "2a160c6fdacac6f1f70689c43209b26182fd7f4d")
  :version "git-2a160c6fdacac6f1f70689c43209b26182fd7f4d"))
("clasted" .
 (:class qlot/source/git:source-git
  :initargs (:remote-url "https://github.com/lambda-symbolics/clasted.git" :ref "dc8b2df5a68b396c4cdd825a58e7a4d50dfb9def")
  :version "git-dc8b2df5a68b396c4cdd825a58e7a4d50dfb9def"))
("daphne" .
 (:class qlot/source/git:source-git
  :initargs (:remote-url "https://github.com/lambda-symbolics/daphne.git" :ref "65f68216152c70110a092b79050b37ce75cdbdb1")
  :version "git-65f68216152c70110a092b79050b37ce75cdbdb1"))
("cl-skills" .
 (:class qlot/source/git:source-git
  :initargs (:remote-url "https://github.com/lambda-symbolics/cl-skills.git" :ref "9ece528bfe07253a9450651808b28457b7ede71d")
  :version "git-9ece528bfe07253a9450651808b28457b7ede71d"))
("cl-termdown" .
 (:class qlot/source/git:source-git
  :initargs (:remote-url "https://github.com/lambda-symbolics/cl-termdown.git" :ref "76a1d82d72b7b14cf2863f5ce54b186795552972")
  :version "git-76a1d82d72b7b14cf2863f5ce54b186795552972"))
("cl-worktree" .
 (:class qlot/source/git:source-git
  :initargs (:remote-url "https://github.com/lambda-symbolics/cl-worktree.git" :ref "cd180c2b8f9cb4731be05c39320bbf91b0e2e63d")
  :version "git-cd180c2b8f9cb4731be05c39320bbf91b0e2e63d"))
("cl-exec-sandbox" .
 (:class qlot/source/git:source-git
  :initargs (:remote-url "https://github.com/lambda-symbolics/cl-exec-sandbox.git" :ref "378a2ac0cab6d1b645636f26c10a5e62772c5b6e")
  :version "git-378a2ac0cab6d1b645636f26c10a5e62772c5b6e"))
("cl-hashline" .
 (:class qlot/source/git:source-git
  :initargs (:remote-url "https://github.com/lambda-symbolics/cl-hashline.git" :ref "9a989dc73bf46ff3f8e8c6921126612e2451a8a8")
  :version "git-9a989dc73bf46ff3f8e8c6921126612e2451a8a8"))
("clifff" .
 (:class qlot/source/git:source-git
  :initargs (:remote-url "https://github.com/lambda-symbolics/clifff.git" :ref "134f517a56862b37abb7f7700dccd154d9f91106")
  :version "git-134f517a56862b37abb7f7700dccd154d9f91106"))
("colorlisp" .
 (:class qlot/source/git:source-git
  :initargs (:remote-url "https://github.com/lambda-symbolics/colorlisp.git" :ref "2654ae0fa34aee42cff401693b5a80a86f0942c4")
  :version "git-2654ae0fa34aee42cff401693b5a80a86f0942c4"))
("colordiff" .
 (:class qlot/source/git:source-git
  :initargs (:remote-url "https://github.com/lambda-symbolics/colordiff.git" :ref "1e1e85af707690e100e1c140513e042387fecf22")
  :version "git-1e1e85af707690e100e1c140513e042387fecf22"))
("parenchek" .
 (:class qlot/source/git:source-git
  :initargs (:remote-url "https://github.com/lambda-symbolics/parenchek.git" :ref "60dcd4636cb7c18003f24a5e7192acba55979d6b")
  :version "git-60dcd4636cb7c18003f24a5e7192acba55979d6b"))
("org-templater" .
 (:class qlot/source/git:source-git
  :initargs (:remote-url "https://github.com/lambda-symbolics/org-templater.git" :ref "918d456528474e880014fe8377e4810e4a55e6a9")
  :version "git-918d456528474e880014fe8377e4810e4a55e6a9"))
("image-daemon" .
 (:class qlot/source/git:source-git
  :initargs (:remote-url "https://github.com/lambda-symbolics/image-daemon.git" :ref "7cd4b782e54c3d583a718876df7bfdd89778249b")
  :version "git-7cd4b782e54c3d583a718876df7bfdd89778249b"))
("ls-compat" .
 (:class qlot/source/git:source-git
  :initargs (:remote-url "https://github.com/lambda-symbolics/ls-compat.git" :ref "d67c607188ed434aa541c7048d422954d31bebcc")
  :version "git-d67c607188ed434aa541c7048d422954d31bebcc"))
("ls-flock" .
 (:class qlot/source/git:source-git
  :initargs (:remote-url "https://github.com/lambda-symbolics/ls-flock.git" :ref "0e3e0ada0f5b693cb3f32f46aefbb8dbebcc20f2")
  :version "git-0e3e0ada0f5b693cb3f32f46aefbb8dbebcc20f2"))
("idsmall" .
 (:class qlot/source/git:source-git
  :initargs (:remote-url "https://github.com/luciusmagn/idsmall.git" :ref "3f4b8e067a1e41b5388f7c5af58585e8c9ab51b9")
  :version "git-3f4b8e067a1e41b5388f7c5af58585e8c9ab51b9"))
("mcparen" .
 (:class qlot/source/git:source-git
  :initargs (:remote-url "https://github.com/lambda-symbolics/mcparen.git" :ref "03c47248988ebb7dd9aaa40a77d4ca5ac6e21889")
  :version "git-03c47248988ebb7dd9aaa40a77d4ca5ac6e21889"))
("sbcl-generations" .
 (:class qlot/source/git:source-git
  :initargs (:remote-url "https://github.com/lambda-symbolics/sbcl-generations.git" :ref "df5128f03e60fe3ab1b8740b6f6555f402623148")
  :version "git-df5128f03e60fe3ab1b8740b6f6555f402623148"))
("sexp-config" .
 (:class qlot/source/git:source-git
  :initargs (:remote-url "https://github.com/lambda-symbolics/sexp-config.git" :ref "a7802a9365b5171e78251f7dc296372fe9cdb297")
  :version "git-a7802a9365b5171e78251f7dc296372fe9cdb297"))
("sexp-store" .
 (:class qlot/source/git:source-git
  :initargs (:remote-url "https://github.com/lambda-symbolics/sexp-store.git" :ref "4d38e6544d87412d99acef9f097272df41359eff")
  :version "git-4d38e6544d87412d99acef9f097272df41359eff"))
("sophisticated-clipboard" .
 (:class qlot/source/git:source-git
  :initargs (:remote-url "https://github.com/lambda-symbolics/sophisticated-clipboard.git" :ref "756b65f4f8be18c786e2331de89708729df42bd4")
  :version "git-756b65f4f8be18c786e2331de89708729df42bd4"))
("sbcl-workers" .
 (:class qlot/source/git:source-git
  :initargs (:remote-url "https://github.com/lambda-symbolics/sbcl-workers.git" :ref "b966b7a17bd122318ab12f5732885ff1680cc3b9")
  :version "git-b966b7a17bd122318ab12f5732885ff1680cc3b9"))
("surgeon" .
 (:class qlot/source/git:source-git
  :initargs (:remote-url "https://github.com/lambda-symbolics/surgeon.git" :ref "347e3a48f931c6ba178d0582fb8a79bd22a4ea6f")
  :version "git-347e3a48f931c6ba178d0582fb8a79bd22a4ea6f"))
("structlisp" .
 (:class qlot/source/git:source-git
  :initargs (:remote-url "https://github.com/lambda-symbolics/structlisp.git" :ref "66bbfbe947b69f3105f71f5e4293637decc91746")
  :version "git-66bbfbe947b69f3105f71f5e4293637decc91746"))
("argo" .
 (:class qlot/source/git:source-git
  :initargs (:remote-url "https://github.com/lambda-symbolics/argo.git" :ref "3658b947372fb19ae07aca65a439b63b0685ae47")
  :version "git-3658b947372fb19ae07aca65a439b63b0685ae47"))
("setinka" .
 (:class qlot/source/git:source-git
  :initargs (:remote-url "https://github.com/lambda-symbolics/setinka.git" :ref "f896272b4bde04e09385a1f050604a4943525e74")
  :version "git-f896272b4bde04e09385a1f050604a4943525e74"))
("lambda-debugger" .
 (:class qlot/source/git:source-git
  :initargs (:remote-url "https://github.com/lambda-symbolics/lambda-debugger.git" :ref "713c4a64ad109eb4f511426c21ae422b18674c77")
  :version "git-713c4a64ad109eb4f511426c21ae422b18674c77"))
("yolokuva" .
 (:class qlot/source/git:source-git
  :initargs (:remote-url "https://github.com/lambda-symbolics/yolokuva.git" :ref "1a6e6e68b8d184496dbfda9defcac1f6dfaf18fe")
  :version "git-1a6e6e68b8d184496dbfda9defcac1f6dfaf18fe"))
